
Microsoft Visual Studio Solution File, Format Version 12.00
# Visual Studio Version 17
VisualStudioVersion = 17.3.32819.101
MinimumVisualStudioVersion = 10.0.40219.1
Project("{9A19103F-16F7-4668-BE54-9A1E7A4F7556}") = "App.DAL", "App.DAL\App.DAL.csproj", "{9E4AFF43-134D-45E2-9E0B-F0F120D4B4E4}"
EndProject
Project("{9A19103F-16F7-4668-BE54-9A1E7A4F7556}") = "App.MVC", "App.MVC\App.MVC.csproj", "{2F9A00A5-4EAA-4007-B0A5-58616DB863CF}"
EndProject
Global
	GlobalSection(SolutionConfigurationPlatforms) = preSolution
		Debug|Any CPU = Debug|Any CPU
		Release|Any CPU = Release|Any CPU
	EndGlobalSection
	GlobalSection(ProjectConfigurationPlatforms) = postSolution
		{9E4AFF43-134D-45E2-9E0B-F0F120D4B4E4}.Debug|Any CPU.ActiveCfg = Debug|Any CPU
		{9E4AFF43-134D-45E2-9E0B-F0F120D4B4E4}.Debug|Any CPU.Build.0 = Debug|Any CPU
		{9E4AFF43-134D-45E2-9E0B-F0F120D4B4E4}.Release|Any CPU.ActiveCfg = Release|Any CPU
		{9E4AFF43-134D-45E2-9E0B-F0F120D4B4E4}.Release|Any CPU.Build.0 = Release|Any CPU
		{2F9A00A5-4EAA-4007-B0A5-58616DB863CF}.Debug|Any CPU.ActiveCfg = Debug|Any CPU
		{2F9A00A5-4EAA-4007-B0A5-58616DB863CF}.Debug|Any CPU.Build.0 = Debug|Any CPU
		{2F9A00A5-4EAA-4007-B0A5-58616DB863CF}.Release|Any CPU.ActiveCfg = Release|Any CPU
		{2F9A00A5-4EAA-4007-B0A5-58616DB863CF}.Release|Any CPU.Build.0 = Release|Any CPU
	EndGlobalSection
	GlobalSection(SolutionProperties) = preSolution
		HideSolutionNode = FALSE
	EndGlobalSection
	GlobalSection(ExtensibilityGlobals) = postSolution
		SolutionGuid = {57D648FB-C6D8-479A-8B00-C31F9611B1DD}
	EndGlobalSection
EndGlobal
